
Microsoft Visual Studio Solution File, Format Version 12.00
# Visual Studio Version 16
VisualStudioVersion = 16.0.31529.145
MinimumVisualStudioVersion = 10.0.40219.1
Project("{FAE04EC0-301F-11D3-BF4B-00C04F79EFBC}") = "BudgetApp", "BudgetApp\BudgetApp.csproj", "{3CC14B32-B82D-4D82-9EA9-AE6DCB1830D5}"
EndProject
Global
	GlobalSection(SolutionConfigurationPlatforms) = preSolution
		Debug|Any CPU = Debug|Any CPU
		Release|Any CPU = Release|Any CPU
	EndGlobalSection
	GlobalSection(ProjectConfigurationPlatforms) = postSolution
		{3CC14B32-B82D-4D82-9EA9-AE6DCB1830D5}.Debug|Any CPU.ActiveCfg = Debug|Any CPU
		{3CC14B32-B82D-4D82-9EA9-AE6DCB1830D5}.Debug|Any CPU.Build.0 = Debug|Any CPU
		{3CC14B32-B82D-4D82-9EA9-AE6DCB1830D5}.Release|Any CPU.ActiveCfg = Release|Any CPU
		{3CC14B32-B82D-4D82-9EA9-AE6DCB1830D5}.Release|Any CPU.Build.0 = Release|Any CPU
	EndGlobalSection
	GlobalSection(SolutionProperties) = preSolution
		HideSolutionNode = FALSE
	EndGlobalSection
	GlobalSection(ExtensibilityGlobals) = postSolution
		SolutionGuid = {D175C645-11A0-4D38-BC72-295EDBC7CDBF}
	EndGlobalSection
EndGlobal
